{
  "nodes": {
    "dank-qml-common": {
      "flake": false,
      "locked": {
        "lastModified": 1790556036,
        "narHash": "sha256-E72MwG5riYkqj4mjW8BMsUnjlJqPc8HBSll+iUWxPtU=",
        "owner": "AvengeMedia",
        "repo": "dank-qml-common",
        "rev": "660b04470bb7937b970c862024bcadd7000e6a89",
        "type": "github"
      },
      "original": {
        "owner": "AvengeMedia",
        "repo": "dank-qml-common",
        "type": "github"
      }
    },
    "dank-qml-common_2": {
      "flake": false,
      "locked": {
        "lastModified": 1790075259,
        "narHash": "sha256-IKF/lGSBXM5Iqbh+dNM13qTPAXoRThwtbrerhMjk7xI=",
        "owner": "AvengeMedia",
        "repo": "dank-qml-common",
        "rev": "a88b16e8de115570f6442effa03207a1fc09bac1",
        "type": "github"
      },
      "original": {
        "owner": "AvengeMedia",
        "repo": "dank-qml-common",
        "type": "github"
      }
    },
    "dms": {
      "inputs": {
        "dank-qml-common": "dank-qml-common",
        "flake-compat": "flake-compat",
        "nixpkgs": [
          "nixpkgs"
        ]
      },
      "locked": {
        "lastModified": 1790566629,
        "narHash": "sha256-TcUusGR0QrWZsqbytv24DfTzS7LQnVL8mwilZCts9Qg=",
        "owner": "AvengeMedia",
        "repo": "DankMaterialShell",
        "rev": "a609b5f999a9182e002b226f2197347b0d1bc747",
        "type": "github"
      },
      "original": {
        "owner": "AvengeMedia",
        "repo": "DankMaterialShell",
        "type": "github"
      }
    },
    "dmsGreeter": {
      "inputs": {
        "dank-qml-common": "dank-qml-common_2",
        "nixpkgs": "nixpkgs"
      },
      "locked": {
        "lastModified": 1790524135,
        "narHash": "sha256-OG9Q97j89YlvTRgGFJ7QnlebV69013e1OI4VWfwyZiQ=",
        "owner": "AvengeMedia",
        "repo": "dank-greeter",
        "rev": "334b2c93d444b65e4fad5b16f3409bcdc013e40f",
        "type": "github"
      },
      "original": {
        "owner": "AvengeMedia",
        "repo": "dank-greeter",
        "type": "github"
      }
    },
    "flake-compat": {
      "flake": false,
      "locked": {
        "lastModified": 1767039857,
        "narHash": "sha256-vNpUSpF5Nuw8xvDLj2KCwwksIbjua2LZCqhV1LNRDns=",
        "owner": "NixOS",
        "repo": "flake-compat",
        "rev": "5edf11c44bc78a0d334f6334cdaf7d60d732daab",
        "type": "github"
      },
      "original": {
        "owner": "NixOS",
        "repo": "flake-compat",
        "type": "github"
      }
    },
    "flake-compat_2": {
      "flake": false,
      "locked": {
        "lastModified": 1767039857,
        "narHash": "sha256-vNpUSpF5Nuw8xvDLj2KCwwksIbjua2LZCqhV1LNRDns=",
        "owner": "NixOS",
        "repo": "flake-compat",
        "rev": "5edf11c44bc78a0d334f6334cdaf7d60d732daab",
        "type": "github"
      },
      "original": {
        "owner": "NixOS",
        "repo": "flake-compat",
        "type": "github"
      }
    },
    "flake-utils": {
      "inputs": {
        "systems": "systems"
      },
      "locked": {
        "lastModified": 1731533236,
        "narHash": "sha256-l0KFg5HjrsfsO/JpG+r7fRrqm12kzFHyUHqHCVpMMbI=",
        "owner": "numtide",
        "repo": "flake-utils",
        "rev": "11707dc2f618dd54ca8739b309ec4fc024de578b",
        "type": "github"
      },
      "original": {
        "owner": "numtide",
        "repo": "flake-utils",
        "type": "github"
      }
    },
    "herdr": {
      "inputs": {
        "nixpkgs": "nixpkgs_2",
        "rust-overlay": "rust-overlay"
      },
      "locked": {
        "lastModified": 1790032847,
        "narHash": "sha256-PYdjCSs+O1tX3RKdZ09ZTA3M+NwlnKhWbjNU8YhuG8s=",
        "owner": "herdrdev",
        "repo": "herdr",
        "rev": "8ac9542757292f7a8d42a2d532bc6a8a33c7ffce",
        "type": "github"
      },
      "original": {
        "owner": "herdrdev",
        "repo": "herdr",
        "type": "github"
      }
    },
    "home-manager": {
      "inputs": {
        "nixpkgs": [
          "nixpkgs"
        ]
      },
      "locked": {
        "lastModified": 1790215976,
        "narHash": "sha256-VkR1rMGyjU9jtw8ISFx5uqR9e+LEaOlhHwrseFkiIVk=",
        "owner": "nix-community",
        "repo": "home-manager",
        "rev": "a6631107a83ceab5872f298a2ea710859c80c4cb",
        "type": "github"
      },
      "original": {
        "owner": "nix-community",
        "ref": "release-26.05",
        "repo": "home-manager",
        "type": "github"
      }
    },
    "nix-flatpak": {
      "locked": {
        "lastModified": 1767983141,
        "narHash": "sha256-7ZCulYUD9RmJIDULTRkGLSW1faMpDlPKcbWJLYHoXcs=",
        "owner": "gmodena",
        "repo": "nix-flatpak",
        "rev": "440818969ac2cbd77bfe025e884d0aa528991374",
        "type": "github"
      },
      "original": {
        "owner": "gmodena",
        "ref": "v0.7.0",
        "repo": "nix-flatpak",
        "type": "github"
      }
    },
    "nixpkgs": {
      "locked": {
        "lastModified": 1784356753,
        "narHash": "sha256-12KrbMiWLcf8m7pCvAtZh1ZrgF85ZXDXvfR/fWTKy84=",
        "owner": "nixos",
        "repo": "nixpkgs",
        "rev": "61b7c44c4073f0b827768aff0049561b5110ea5a",
        "type": "github"
      },
      "original": {
        "owner": "nixos",
        "ref": "nixos-unstable",
        "repo": "nixpkgs",
        "type": "github"
      }
    },
    "nixpkgs_2": {
      "locked": {
        "lastModified": 1779911860,
        "narHash": "sha256-ubcLAcKBDCZjhxw/kH5DL5GdBZQdzLqpkTe7HonvJVs=",
        "owner": "NixOS",
        "repo": "nixpkgs",
        "rev": "c0a89c379b4ac67c7b13b051ddbd4e0dbc9b0eaf",
        "type": "github"
      },
      "original": {
        "owner": "NixOS",
        "ref": "nixos-unstable",
        "repo": "nixpkgs",
        "type": "github"
      }
    },
    "nixpkgs_3": {
      "locked": {
        "lastModified": 1789998861,
        "narHash": "sha256-62XMQD4WLdMAfdT0/8gJmPH2dKeTw908ryNloAplTr8=",
        "owner": "NixOS",
        "repo": "nixpkgs",
        "rev": "1e8bc658fc985ef27ccd66d107d767b32bb7ef98",
        "type": "github"
      },
      "original": {
        "owner": "NixOS",
        "ref": "nixos-26.05",
        "repo": "nixpkgs",
        "type": "github"
      }
    },
    "qylock": {
      "inputs": {
        "flake-compat": "flake-compat_2",
        "flake-utils": "flake-utils",
        "nixpkgs": [
          "nixpkgs"
        ]
      },
      "locked": {
        "lastModified": 1789360700,
        "narHash": "sha256-ELHBl+9ueNJhoNYRioSIHb/K7f+SNsesG/+X5ijA+NA=",
        "owner": "Darkkal44",
        "repo": "qylock",
        "rev": "f6561e2ceae33f26e5e660742a5df2f725cbe514",
        "type": "github"
      },
      "original": {
        "owner": "Darkkal44",
        "repo": "qylock",
        "type": "github"
      }
    },
    "root": {
      "inputs": {
        "dms": "dms",
        "dmsGreeter": "dmsGreeter",
        "herdr": "herdr",
        "home-manager": "home-manager",
        "nix-flatpak": "nix-flatpak",
        "nixpkgs": "nixpkgs_3",
        "qylock": "qylock"
      }
    },
    "rust-overlay": {
      "inputs": {
        "nixpkgs": [
          "herdr",
          "nixpkgs"
        ]
      },
      "locked": {
        "lastModified": 1783577481,
        "narHash": "sha256-EWMxOWrJ031f8f/lrcEmhTRs4npw1/5N3Hcjin846c8=",
        "owner": "oxalica",
        "repo": "rust-overlay",
        "rev": "4cdea398dc491b082dccdce0fad1ed0b75fa3394",
        "type": "github"
      },
      "original": {
        "owner": "oxalica",
        "repo": "rust-overlay",
        "type": "github"
      }
    },
    "systems": {
      "locked": {
        "lastModified": 1681028828,
        "narHash": "sha256-Vy1rq5AaRuLzOxct8nz4T6wlgyUR7zLU309k9mBC768=",
        "owner": "nix-systems",
        "repo": "default",
        "rev": "da67096a3b9bf56a91d16901293e51ba5b49a27e",
        "type": "github"
      },
      "original": {
        "owner": "nix-systems",
        "repo": "default",
        "type": "github"
      }
    }
  },
  "root": "root",
  "version": 7
}
